
Microsoft Visual Studio Solution File, Format Version 12.00
# Visual Studio Version 16
VisualStudioVersion = 16.0.30717.126
MinimumVisualStudioVersion = 10.0.40219.1
Project("{FAE04EC0-301F-11D3-BF4B-00C04F79EFBC}") = "ITMO.CourseCS.FormsApp.Ex02.9", "ITMO.CourseCS.FormsApp.Ex02.6\ITMO.CourseCS.FormsApp.Ex02.9.csproj", "{52FE1C8E-074D-47A6-A91A-604BBAAEAC20}"
EndProject
Global
	GlobalSection(SolutionConfigurationPlatforms) = preSolution
		Debug|Any CPU = Debug|Any CPU
		Release|Any CPU = Release|Any CPU
	EndGlobalSection
	GlobalSection(ProjectConfigurationPlatforms) = postSolution
		{52FE1C8E-074D-47A6-A91A-604BBAAEAC20}.Debug|Any CPU.ActiveCfg = Debug|Any CPU
		{52FE1C8E-074D-47A6-A91A-604BBAAEAC20}.Debug|Any CPU.Build.0 = Debug|Any CPU
		{52FE1C8E-074D-47A6-A91A-604BBAAEAC20}.Release|Any CPU.ActiveCfg = Release|Any CPU
		{52FE1C8E-074D-47A6-A91A-604BBAAEAC20}.Release|Any CPU.Build.0 = Release|Any CPU
	EndGlobalSection
	GlobalSection(SolutionProperties) = preSolution
		HideSolutionNode = FALSE
	EndGlobalSection
	GlobalSection(ExtensibilityGlobals) = postSolution
		SolutionGuid = {63D28CB8-579A-4463-93DA-88C46378A8B6}
	EndGlobalSection
EndGlobal
